
Microsoft Visual Studio Solution File, Format Version 12.00
# Visual Studio Version 16
VisualStudioVersion = 16.0.31129.286
MinimumVisualStudioVersion = 10.0.40219.1
Project("{FAE04EC0-301F-11D3-BF4B-00C04F79EFBC}") = "Viewer", "Viewer\Viewer.csproj", "{6336C5F7-72E2-4C76-923F-AAFB65C73DF3}"
EndProject
Project("{FAE04EC0-301F-11D3-BF4B-00C04F79EFBC}") = "UnitTestProject1", "UnitTestProject1\UnitTestProject1.csproj", "{91AAB300-5DF2-4249-B39D-EA938F8C86BD}"
EndProject
Project("{FAE04EC0-301F-11D3-BF4B-00C04F79EFBC}") = "DB", "DB_Brige\DB.csproj", "{7717246E-E784-4E1B-91E2-1C43012A0969}"
EndProject
Project("{FAE04EC0-301F-11D3-BF4B-00C04F79EFBC}") = "AutoGrid", "AutoGrid\AutoGrid.csproj", "{1C5A6CBF-1079-4BE2-9158-FED91945352B}"
EndProject
Global
	GlobalSection(SolutionConfigurationPlatforms) = preSolution
		Debug|Any CPU = Debug|Any CPU
		Release|Any CPU = Release|Any CPU
	EndGlobalSection
	GlobalSection(ProjectConfigurationPlatforms) = postSolution
		{6336C5F7-72E2-4C76-923F-AAFB65C73DF3}.Debug|Any CPU.ActiveCfg = Debug|Any CPU
		{6336C5F7-72E2-4C76-923F-AAFB65C73DF3}.Debug|Any CPU.Build.0 = Debug|Any CPU
		{6336C5F7-72E2-4C76-923F-AAFB65C73DF3}.Release|Any CPU.ActiveCfg = Release|Any CPU
		{6336C5F7-72E2-4C76-923F-AAFB65C73DF3}.Release|Any CPU.Build.0 = Release|Any CPU
		{91AAB300-5DF2-4249-B39D-EA938F8C86BD}.Debug|Any CPU.ActiveCfg = Debug|Any CPU
		{91AAB300-5DF2-4249-B39D-EA938F8C86BD}.Debug|Any CPU.Build.0 = Debug|Any CPU
		{91AAB300-5DF2-4249-B39D-EA938F8C86BD}.Release|Any CPU.ActiveCfg = Release|Any CPU
		{91AAB300-5DF2-4249-B39D-EA938F8C86BD}.Release|Any CPU.Build.0 = Release|Any CPU
		{7717246E-E784-4E1B-91E2-1C43012A0969}.Debug|Any CPU.ActiveCfg = Debug|Any CPU
		{7717246E-E784-4E1B-91E2-1C43012A0969}.Debug|Any CPU.Build.0 = Debug|Any CPU
		{7717246E-E784-4E1B-91E2-1C43012A0969}.Release|Any CPU.ActiveCfg = Release|Any CPU
		{7717246E-E784-4E1B-91E2-1C43012A0969}.Release|Any CPU.Build.0 = Release|Any CPU
		{1C5A6CBF-1079-4BE2-9158-FED91945352B}.Debug|Any CPU.ActiveCfg = Debug|Any CPU
		{1C5A6CBF-1079-4BE2-9158-FED91945352B}.Debug|Any CPU.Build.0 = Debug|Any CPU
		{1C5A6CBF-1079-4BE2-9158-FED91945352B}.Release|Any CPU.ActiveCfg = Release|Any CPU
		{1C5A6CBF-1079-4BE2-9158-FED91945352B}.Release|Any CPU.Build.0 = Release|Any CPU
	EndGlobalSection
	GlobalSection(SolutionProperties) = preSolution
		HideSolutionNode = FALSE
	EndGlobalSection
	GlobalSection(ExtensibilityGlobals) = postSolution
		SolutionGuid = {C34446C2-F8AA-4BB5-9747-FED3C06112F1}
	EndGlobalSection
EndGlobal
